
Microsoft Visual Studio Solution File, Format Version 12.00
# Visual Studio Version 16
VisualStudioVersion = 16.0.31424.327
MinimumVisualStudioVersion = 10.0.40219.1
Project("{FAE04EC0-301F-11D3-BF4B-00C04F79EFBC}") = "MailParse", "MailParse.csproj", "{2E2F3FB0-88A3-4245-845D-4000EB8F86E2}"
EndProject
Global
	GlobalSection(SolutionConfigurationPlatforms) = preSolution
		Debug|Any CPU = Debug|Any CPU
		Release|Any CPU = Release|Any CPU
	EndGlobalSection
	GlobalSection(ProjectConfigurationPlatforms) = postSolution
		{2E2F3FB0-88A3-4245-845D-4000EB8F86E2}.Debug|Any CPU.ActiveCfg = Debug|Any CPU
		{2E2F3FB0-88A3-4245-845D-4000EB8F86E2}.Debug|Any CPU.Build.0 = Debug|Any CPU
		{2E2F3FB0-88A3-4245-845D-4000EB8F86E2}.Release|Any CPU.ActiveCfg = Release|Any CPU
		{2E2F3FB0-88A3-4245-845D-4000EB8F86E2}.Release|Any CPU.Build.0 = Release|Any CPU
	EndGlobalSection
	GlobalSection(SolutionProperties) = preSolution
		HideSolutionNode = FALSE
	EndGlobalSection
	GlobalSection(ExtensibilityGlobals) = postSolution
		SolutionGuid = {6A7F806F-2CE4-48A5-B578-2CE0910715EE}
	EndGlobalSection
EndGlobal
