
Microsoft Visual Studio Solution File, Format Version 12.00
# Visual Studio Version 16
VisualStudioVersion = 16.0.31911.196
MinimumVisualStudioVersion = 10.0.40219.1
Project("{FAE04EC0-301F-11D3-BF4B-00C04F79EFBC}") = "Geometric", "Geometric.csproj", "{B4EF8376-F807-4FCE-A02F-6FC9506D9EB0}"
EndProject
Global
	GlobalSection(SolutionConfigurationPlatforms) = preSolution
		Debug|Any CPU = Debug|Any CPU
		Release|Any CPU = Release|Any CPU
	EndGlobalSection
	GlobalSection(ProjectConfigurationPlatforms) = postSolution
		{B4EF8376-F807-4FCE-A02F-6FC9506D9EB0}.Debug|Any CPU.ActiveCfg = Debug|Any CPU
		{B4EF8376-F807-4FCE-A02F-6FC9506D9EB0}.Debug|Any CPU.Build.0 = Debug|Any CPU
		{B4EF8376-F807-4FCE-A02F-6FC9506D9EB0}.Release|Any CPU.ActiveCfg = Release|Any CPU
		{B4EF8376-F807-4FCE-A02F-6FC9506D9EB0}.Release|Any CPU.Build.0 = Release|Any CPU
	EndGlobalSection
	GlobalSection(SolutionProperties) = preSolution
		HideSolutionNode = FALSE
	EndGlobalSection
	GlobalSection(ExtensibilityGlobals) = postSolution
		SolutionGuid = {A64B84BB-1AEF-4798-BE55-342E0500668E}
	EndGlobalSection
EndGlobal
